
Microsoft Visual Studio Solution File, Format Version 12.00
# Visual Studio 15
VisualStudioVersion = 15.0.27703.2035
MinimumVisualStudioVersion = 10.0.40219.1
Project("{2150E333-8FDC-42A3-9474-1A3956D46DE8}") = "SmartContracts", "SmartContracts", "{490EAD04-2BB6-43CE-9FD8-2DC18B90DB2E}"
EndProject
Project("{2150E333-8FDC-42A3-9474-1A3956D46DE8}") = "Test", "Test", "{76A82EF0-385E-4106-A584-F04CEBD249A8}"
EndProject
Project("{9A19103F-16F7-4668-BE54-9A1E7A4F7556}") = "Neo.Manager", "Neo.Manager\Neo.Manager.csproj", "{15971CD7-4560-448A-B6FA-BF652F82212A}"
EndProject
Project("{9A19103F-16F7-4668-BE54-9A1E7A4F7556}") = "NEO-Emulator", "NEO-Emulator\NEO-Emulator.csproj", "{4D96A929-E030-4C33-99B4-B5968C7BC941}"
EndProject
Project("{9A19103F-16F7-4668-BE54-9A1E7A4F7556}") = "Senno.Emulator.Tests", "Senno.Emulator.Tests\Senno.Emulator.Tests.csproj", "{045C36D3-26E7-465E-B15E-8395806B98E6}"
EndProject
Project("{9A19103F-16F7-4668-BE54-9A1E7A4F7556}") = "Senno.Tests", "Senno.Tests\Senno.Tests.csproj", "{3080120C-8F9F-4672-8261-B2C8CDF6697E}"
EndProject
Project("{FAE04EC0-301F-11D3-BF4B-00C04F79EFBC}") = "Senno.SmartContracts.Common", "SmartContracts\Senno.SmartContracts.Common\Senno.SmartContracts.Common.csproj", "{F96F453B-F15A-42E1-8360-1EE89C1110A4}"
EndProject
Project("{FAE04EC0-301F-11D3-BF4B-00C04F79EFBC}") = "Senno.SmartContracts.ICSC", "SmartContracts\Senno.SmartContracts.ICSC\Senno.SmartContracts.ICSC.csproj", "{B1AB8609-8628-4D2D-A7B7-FA5BD11FDE69}"
EndProject
Project("{FAE04EC0-301F-11D3-BF4B-00C04F79EFBC}") = "Senno.SmartContracts.SBPSNSC", "SmartContracts\Senno.SmartContracts.SBPSNSC\Senno.SmartContracts.SBPSNSC.csproj", "{7317583F-72EA-4B49-BD56-4AEA2717A470}"
EndProject
Project("{FAE04EC0-301F-11D3-BF4B-00C04F79EFBC}") = "Senno.SmartContracts.SCSC", "SmartContracts\Senno.SmartContracts.SCSC\Senno.SmartContracts.SCSC.csproj", "{44D8F6EE-7B03-4F41-8147-85CFFD343176}"
EndProject
Project("{FAE04EC0-301F-11D3-BF4B-00C04F79EFBC}") = "Senno.SmartContracts.SRSC", "SmartContracts\Senno.SmartContracts.SRSC\Senno.SmartContracts.SRSC.csproj", "{240B793B-AE47-4266-83CF-9EC61D758600}"
EndProject
Project("{FAE04EC0-301F-11D3-BF4B-00C04F79EFBC}") = "Senno.SmartContracts.TSC", "SmartContracts\Senno.SmartContracts.TSC\Senno.SmartContracts.TSC.csproj", "{E9C393A3-A293-4D86-996D-27B6B9F19BBE}"
EndProject
Project("{FAE04EC0-301F-11D3-BF4B-00C04F79EFBC}") = "Senno.SmartContracts.STDSC", "SmartContracts\Senno.SmartContracts.STDSC\Senno.SmartContracts.STDSC.csproj", "{1AD80189-C72A-4CFA-9194-AABD16F7F2F4}"
EndProject
Global
	GlobalSection(SolutionConfigurationPlatforms) = preSolution
		Debug|Any CPU = Debug|Any CPU
		Release|Any CPU = Release|Any CPU
	EndGlobalSection
	GlobalSection(ProjectConfigurationPlatforms) = postSolution
		{15971CD7-4560-448A-B6FA-BF652F82212A}.Debug|Any CPU.ActiveCfg = Debug|Any CPU
		{15971CD7-4560-448A-B6FA-BF652F82212A}.Debug|Any CPU.Build.0 = Debug|Any CPU
		{15971CD7-4560-448A-B6FA-BF652F82212A}.Release|Any CPU.ActiveCfg = Release|Any CPU
		{15971CD7-4560-448A-B6FA-BF652F82212A}.Release|Any CPU.Build.0 = Release|Any CPU
		{4D96A929-E030-4C33-99B4-B5968C7BC941}.Debug|Any CPU.ActiveCfg = Debug|Any CPU
		{4D96A929-E030-4C33-99B4-B5968C7BC941}.Debug|Any CPU.Build.0 = Debug|Any CPU
		{4D96A929-E030-4C33-99B4-B5968C7BC941}.Release|Any CPU.ActiveCfg = Release|Any CPU
		{4D96A929-E030-4C33-99B4-B5968C7BC941}.Release|Any CPU.Build.0 = Release|Any CPU
		{045C36D3-26E7-465E-B15E-8395806B98E6}.Debug|Any CPU.ActiveCfg = Debug|Any CPU
		{045C36D3-26E7-465E-B15E-8395806B98E6}.Debug|Any CPU.Build.0 = Debug|Any CPU
		{045C36D3-26E7-465E-B15E-8395806B98E6}.Release|Any CPU.ActiveCfg = Release|Any CPU
		{045C36D3-26E7-465E-B15E-8395806B98E6}.Release|Any CPU.Build.0 = Release|Any CPU
		{3080120C-8F9F-4672-8261-B2C8CDF6697E}.Debug|Any CPU.ActiveCfg = Debug|Any CPU
		{3080120C-8F9F-4672-8261-B2C8CDF6697E}.Debug|Any CPU.Build.0 = Debug|Any CPU
		{3080120C-8F9F-4672-8261-B2C8CDF6697E}.Release|Any CPU.ActiveCfg = Release|Any CPU
		{3080120C-8F9F-4672-8261-B2C8CDF6697E}.Release|Any CPU.Build.0 = Release|Any CPU
		{F96F453B-F15A-42E1-8360-1EE89C1110A4}.Debug|Any CPU.ActiveCfg = Debug|Any CPU
		{F96F453B-F15A-42E1-8360-1EE89C1110A4}.Debug|Any CPU.Build.0 = Debug|Any CPU
		{F96F453B-F15A-42E1-8360-1EE89C1110A4}.Release|Any CPU.ActiveCfg = Release|Any CPU
		{F96F453B-F15A-42E1-8360-1EE89C1110A4}.Release|Any CPU.Build.0 = Release|Any CPU
		{B1AB8609-8628-4D2D-A7B7-FA5BD11FDE69}.Debug|Any CPU.ActiveCfg = Debug|Any CPU
		{B1AB8609-8628-4D2D-A7B7-FA5BD11FDE69}.Debug|Any CPU.Build.0 = Debug|Any CPU
		{B1AB8609-8628-4D2D-A7B7-FA5BD11FDE69}.Release|Any CPU.ActiveCfg = Release|Any CPU
		{B1AB8609-8628-4D2D-A7B7-FA5BD11FDE69}.Release|Any CPU.Build.0 = Release|Any CPU
		{7317583F-72EA-4B49-BD56-4AEA2717A470}.Debug|Any CPU.ActiveCfg = Debug|Any CPU
		{7317583F-72EA-4B49-BD56-4AEA2717A470}.Debug|Any CPU.Build.0 = Debug|Any CPU
		{7317583F-72EA-4B49-BD56-4AEA2717A470}.Release|Any CPU.ActiveCfg = Release|Any CPU
		{7317583F-72EA-4B49-BD56-4AEA2717A470}.Release|Any CPU.Build.0 = Release|Any CPU
		{44D8F6EE-7B03-4F41-8147-85CFFD343176}.Debug|Any CPU.ActiveCfg = Debug|Any CPU
		{44D8F6EE-7B03-4F41-8147-85CFFD343176}.Debug|Any CPU.Build.0 = Debug|Any CPU
		{44D8F6EE-7B03-4F41-8147-85CFFD343176}.Release|Any CPU.ActiveCfg = Release|Any CPU
		{44D8F6EE-7B03-4F41-8147-85CFFD343176}.Release|Any CPU.Build.0 = Release|Any CPU
		{240B793B-AE47-4266-83CF-9EC61D758600}.Debug|Any CPU.ActiveCfg = Debug|Any CPU
		{240B793B-AE47-4266-83CF-9EC61D758600}.Debug|Any CPU.Build.0 = Debug|Any CPU
		{240B793B-AE47-4266-83CF-9EC61D758600}.Release|Any CPU.ActiveCfg = Release|Any CPU
		{240B793B-AE47-4266-83CF-9EC61D758600}.Release|Any CPU.Build.0 = Release|Any CPU
		{E9C393A3-A293-4D86-996D-27B6B9F19BBE}.Debug|Any CPU.ActiveCfg = Debug|Any CPU
		{E9C393A3-A293-4D86-996D-27B6B9F19BBE}.Debug|Any CPU.Build.0 = Debug|Any CPU
		{E9C393A3-A293-4D86-996D-27B6B9F19BBE}.Release|Any CPU.ActiveCfg = Release|Any CPU
		{E9C393A3-A293-4D86-996D-27B6B9F19BBE}.Release|Any CPU.Build.0 = Release|Any CPU
		{1AD80189-C72A-4CFA-9194-AABD16F7F2F4}.Debug|Any CPU.ActiveCfg = Debug|Any CPU
		{1AD80189-C72A-4CFA-9194-AABD16F7F2F4}.Debug|Any CPU.Build.0 = Debug|Any CPU
		{1AD80189-C72A-4CFA-9194-AABD16F7F2F4}.Release|Any CPU.ActiveCfg = Release|Any CPU
		{1AD80189-C72A-4CFA-9194-AABD16F7F2F4}.Release|Any CPU.Build.0 = Release|Any CPU
	EndGlobalSection
	GlobalSection(SolutionProperties) = preSolution
		HideSolutionNode = FALSE
	EndGlobalSection
	GlobalSection(NestedProjects) = preSolution
		{15971CD7-4560-448A-B6FA-BF652F82212A} = {76A82EF0-385E-4106-A584-F04CEBD249A8}
		{4D96A929-E030-4C33-99B4-B5968C7BC941} = {76A82EF0-385E-4106-A584-F04CEBD249A8}
		{045C36D3-26E7-465E-B15E-8395806B98E6} = {76A82EF0-385E-4106-A584-F04CEBD249A8}
		{3080120C-8F9F-4672-8261-B2C8CDF6697E} = {76A82EF0-385E-4106-A584-F04CEBD249A8}
		{F96F453B-F15A-42E1-8360-1EE89C1110A4} = {490EAD04-2BB6-43CE-9FD8-2DC18B90DB2E}
		{B1AB8609-8628-4D2D-A7B7-FA5BD11FDE69} = {490EAD04-2BB6-43CE-9FD8-2DC18B90DB2E}
		{7317583F-72EA-4B49-BD56-4AEA2717A470} = {490EAD04-2BB6-43CE-9FD8-2DC18B90DB2E}
		{44D8F6EE-7B03-4F41-8147-85CFFD343176} = {490EAD04-2BB6-43CE-9FD8-2DC18B90DB2E}
		{240B793B-AE47-4266-83CF-9EC61D758600} = {490EAD04-2BB6-43CE-9FD8-2DC18B90DB2E}
		{E9C393A3-A293-4D86-996D-27B6B9F19BBE} = {490EAD04-2BB6-43CE-9FD8-2DC18B90DB2E}
		{1AD80189-C72A-4CFA-9194-AABD16F7F2F4} = {490EAD04-2BB6-43CE-9FD8-2DC18B90DB2E}
	EndGlobalSection
	GlobalSection(ExtensibilityGlobals) = postSolution
		SolutionGuid = {E4BCEB1F-52B6-4E3D-A709-5F7B0B6A5508}
	EndGlobalSection
EndGlobal
