
Microsoft Visual Studio Solution File, Format Version 12.00
# Visual Studio 15
VisualStudioVersion = 15.0.27703.2035
MinimumVisualStudioVersion = 10.0.40219.1
Project("{FAE04EC0-301F-11D3-BF4B-00C04F79EFBC}") = "Common", "Common\Common.csproj", "{F96F453B-F15A-42E1-8360-1EE89C1110A4}"
EndProject
Project("{FAE04EC0-301F-11D3-BF4B-00C04F79EFBC}") = "SBPSNSC", "SBPSNSC\SBPSNSC.csproj", "{7317583F-72EA-4B49-BD56-4AEA2717A470}"
EndProject
Project("{FAE04EC0-301F-11D3-BF4B-00C04F79EFBC}") = "SCSC", "SCSC\SCSC.csproj", "{44D8F6EE-7B03-4F41-8147-85CFFD343176}"
EndProject
Project("{FAE04EC0-301F-11D3-BF4B-00C04F79EFBC}") = "SDSRSC", "SDSRSC\SDSRSC.csproj", "{DCE31DC0-ABE0-4A3E-8DF8-6B4D747B12D1}"
EndProject
Project("{FAE04EC0-301F-11D3-BF4B-00C04F79EFBC}") = "SICSC", "SICSC\SICSC.csproj", "{B1AB8609-8628-4D2D-A7B7-FA5BD11FDE69}"
EndProject
Project("{FAE04EC0-301F-11D3-BF4B-00C04F79EFBC}") = "SDSMSC", "SDSMSC\SDSMSC.csproj", "{A28259A0-F28D-4BBE-A2B6-64939088AD4C}"
EndProject
Project("{FAE04EC0-301F-11D3-BF4B-00C04F79EFBC}") = "SRSC", "SRSC\SRSC.csproj", "{240B793B-AE47-4266-83CF-9EC61D758600}"
EndProject
Project("{FAE04EC0-301F-11D3-BF4B-00C04F79EFBC}") = "STDSC", "STDSC\STDSC.csproj", "{1AD80189-C72A-4CFA-9194-AABD16F7F2F4}"
EndProject
Project("{FAE04EC0-301F-11D3-BF4B-00C04F79EFBC}") = "STSC", "STSC\STSC.csproj", "{E9C393A3-A293-4D86-996D-27B6B9F19BBE}"
EndProject
Project("{FAE04EC0-301F-11D3-BF4B-00C04F79EFBC}") = "SPKMSC", "SPKMSC\SPKMSC.csproj", "{ADFAF98A-C702-411E-9902-C18EE921B2FB}"
EndProject
Project("{2150E333-8FDC-42A3-9474-1A3956D46DE8}") = "Tests", "Tests", "{35F14B0B-B25D-4EEB-AD86-8C58187A6027}"
EndProject
Project("{FAE04EC0-301F-11D3-BF4B-00C04F79EFBC}") = "Tests.Common", "Tests\Tests.Common\Tests.Common.csproj", "{A57764AD-CC01-4A30-909E-03364831C335}"
EndProject
Project("{FAE04EC0-301F-11D3-BF4B-00C04F79EFBC}") = "Tests.SCSC.UnitTests", "Tests\Tests.SCSC.UnitTests\Tests.SCSC.UnitTests.csproj", "{3BE05851-F05C-49A2-A225-53FEECCC0CCA}"
EndProject
Project("{FAE04EC0-301F-11D3-BF4B-00C04F79EFBC}") = "Tests.STSC.UnitTests", "Tests\Tests.STSC.UnitTests\Tests.STSC.UnitTests.csproj", "{96252137-9048-497F-A88D-61141418CE8A}"
EndProject
Global
	GlobalSection(SolutionConfigurationPlatforms) = preSolution
		Debug|Any CPU = Debug|Any CPU
		Release|Any CPU = Release|Any CPU
	EndGlobalSection
	GlobalSection(ProjectConfigurationPlatforms) = postSolution
		{F96F453B-F15A-42E1-8360-1EE89C1110A4}.Debug|Any CPU.ActiveCfg = Debug|Any CPU
		{F96F453B-F15A-42E1-8360-1EE89C1110A4}.Debug|Any CPU.Build.0 = Debug|Any CPU
		{F96F453B-F15A-42E1-8360-1EE89C1110A4}.Release|Any CPU.ActiveCfg = Release|Any CPU
		{F96F453B-F15A-42E1-8360-1EE89C1110A4}.Release|Any CPU.Build.0 = Release|Any CPU
		{7317583F-72EA-4B49-BD56-4AEA2717A470}.Debug|Any CPU.ActiveCfg = Debug|Any CPU
		{7317583F-72EA-4B49-BD56-4AEA2717A470}.Debug|Any CPU.Build.0 = Debug|Any CPU
		{7317583F-72EA-4B49-BD56-4AEA2717A470}.Release|Any CPU.ActiveCfg = Release|Any CPU
		{7317583F-72EA-4B49-BD56-4AEA2717A470}.Release|Any CPU.Build.0 = Release|Any CPU
		{44D8F6EE-7B03-4F41-8147-85CFFD343176}.Debug|Any CPU.ActiveCfg = Debug|Any CPU
		{44D8F6EE-7B03-4F41-8147-85CFFD343176}.Debug|Any CPU.Build.0 = Debug|Any CPU
		{44D8F6EE-7B03-4F41-8147-85CFFD343176}.Release|Any CPU.ActiveCfg = Release|Any CPU
		{44D8F6EE-7B03-4F41-8147-85CFFD343176}.Release|Any CPU.Build.0 = Release|Any CPU
		{DCE31DC0-ABE0-4A3E-8DF8-6B4D747B12D1}.Debug|Any CPU.ActiveCfg = Debug|Any CPU
		{DCE31DC0-ABE0-4A3E-8DF8-6B4D747B12D1}.Debug|Any CPU.Build.0 = Debug|Any CPU
		{DCE31DC0-ABE0-4A3E-8DF8-6B4D747B12D1}.Release|Any CPU.ActiveCfg = Release|Any CPU
		{DCE31DC0-ABE0-4A3E-8DF8-6B4D747B12D1}.Release|Any CPU.Build.0 = Release|Any CPU
		{B1AB8609-8628-4D2D-A7B7-FA5BD11FDE69}.Debug|Any CPU.ActiveCfg = Debug|Any CPU
		{B1AB8609-8628-4D2D-A7B7-FA5BD11FDE69}.Debug|Any CPU.Build.0 = Debug|Any CPU
		{B1AB8609-8628-4D2D-A7B7-FA5BD11FDE69}.Release|Any CPU.ActiveCfg = Release|Any CPU
		{B1AB8609-8628-4D2D-A7B7-FA5BD11FDE69}.Release|Any CPU.Build.0 = Release|Any CPU
		{A28259A0-F28D-4BBE-A2B6-64939088AD4C}.Debug|Any CPU.ActiveCfg = Debug|Any CPU
		{A28259A0-F28D-4BBE-A2B6-64939088AD4C}.Debug|Any CPU.Build.0 = Debug|Any CPU
		{A28259A0-F28D-4BBE-A2B6-64939088AD4C}.Release|Any CPU.ActiveCfg = Release|Any CPU
		{A28259A0-F28D-4BBE-A2B6-64939088AD4C}.Release|Any CPU.Build.0 = Release|Any CPU
		{240B793B-AE47-4266-83CF-9EC61D758600}.Debug|Any CPU.ActiveCfg = Debug|Any CPU
		{240B793B-AE47-4266-83CF-9EC61D758600}.Debug|Any CPU.Build.0 = Debug|Any CPU
		{240B793B-AE47-4266-83CF-9EC61D758600}.Release|Any CPU.ActiveCfg = Release|Any CPU
		{240B793B-AE47-4266-83CF-9EC61D758600}.Release|Any CPU.Build.0 = Release|Any CPU
		{1AD80189-C72A-4CFA-9194-AABD16F7F2F4}.Debug|Any CPU.ActiveCfg = Debug|Any CPU
		{1AD80189-C72A-4CFA-9194-AABD16F7F2F4}.Debug|Any CPU.Build.0 = Debug|Any CPU
		{1AD80189-C72A-4CFA-9194-AABD16F7F2F4}.Release|Any CPU.ActiveCfg = Release|Any CPU
		{1AD80189-C72A-4CFA-9194-AABD16F7F2F4}.Release|Any CPU.Build.0 = Release|Any CPU
		{E9C393A3-A293-4D86-996D-27B6B9F19BBE}.Debug|Any CPU.ActiveCfg = Debug|Any CPU
		{E9C393A3-A293-4D86-996D-27B6B9F19BBE}.Debug|Any CPU.Build.0 = Debug|Any CPU
		{E9C393A3-A293-4D86-996D-27B6B9F19BBE}.Release|Any CPU.ActiveCfg = Release|Any CPU
		{E9C393A3-A293-4D86-996D-27B6B9F19BBE}.Release|Any CPU.Build.0 = Release|Any CPU
		{ADFAF98A-C702-411E-9902-C18EE921B2FB}.Debug|Any CPU.ActiveCfg = Debug|Any CPU
		{ADFAF98A-C702-411E-9902-C18EE921B2FB}.Debug|Any CPU.Build.0 = Debug|Any CPU
		{ADFAF98A-C702-411E-9902-C18EE921B2FB}.Release|Any CPU.ActiveCfg = Release|Any CPU
		{ADFAF98A-C702-411E-9902-C18EE921B2FB}.Release|Any CPU.Build.0 = Release|Any CPU
		{A57764AD-CC01-4A30-909E-03364831C335}.Debug|Any CPU.ActiveCfg = Debug|Any CPU
		{A57764AD-CC01-4A30-909E-03364831C335}.Debug|Any CPU.Build.0 = Debug|Any CPU
		{A57764AD-CC01-4A30-909E-03364831C335}.Release|Any CPU.ActiveCfg = Release|Any CPU
		{A57764AD-CC01-4A30-909E-03364831C335}.Release|Any CPU.Build.0 = Release|Any CPU
		{3BE05851-F05C-49A2-A225-53FEECCC0CCA}.Debug|Any CPU.ActiveCfg = Debug|Any CPU
		{3BE05851-F05C-49A2-A225-53FEECCC0CCA}.Debug|Any CPU.Build.0 = Debug|Any CPU
		{3BE05851-F05C-49A2-A225-53FEECCC0CCA}.Release|Any CPU.ActiveCfg = Release|Any CPU
		{3BE05851-F05C-49A2-A225-53FEECCC0CCA}.Release|Any CPU.Build.0 = Release|Any CPU
		{96252137-9048-497F-A88D-61141418CE8A}.Debug|Any CPU.ActiveCfg = Debug|Any CPU
		{96252137-9048-497F-A88D-61141418CE8A}.Debug|Any CPU.Build.0 = Debug|Any CPU
		{96252137-9048-497F-A88D-61141418CE8A}.Release|Any CPU.ActiveCfg = Release|Any CPU
		{96252137-9048-497F-A88D-61141418CE8A}.Release|Any CPU.Build.0 = Release|Any CPU
	EndGlobalSection
	GlobalSection(SolutionProperties) = preSolution
		HideSolutionNode = FALSE
	EndGlobalSection
	GlobalSection(NestedProjects) = preSolution
		{A57764AD-CC01-4A30-909E-03364831C335} = {35F14B0B-B25D-4EEB-AD86-8C58187A6027}
		{3BE05851-F05C-49A2-A225-53FEECCC0CCA} = {35F14B0B-B25D-4EEB-AD86-8C58187A6027}
		{96252137-9048-497F-A88D-61141418CE8A} = {35F14B0B-B25D-4EEB-AD86-8C58187A6027}
	EndGlobalSection
	GlobalSection(ExtensibilityGlobals) = postSolution
		SolutionGuid = {E4BCEB1F-52B6-4E3D-A709-5F7B0B6A5508}
	EndGlobalSection
EndGlobal
